
Microsoft Visual Studio Solution File, Format Version 12.00
# Visual Studio Version 17
VisualStudioVersion = 17.11.35219.272
MinimumVisualStudioVersion = 10.0.40219.1
Project("{888888A0-9F3D-457C-B088-3A5042F75D52}") = "5.1tund", "5.1tund.pyproj", "{4393F01C-F29D-4D33-931B-91A57501CF5D}"
EndProject
Global
	GlobalSection(SolutionConfigurationPlatforms) = preSolution
		Debug|Any CPU = Debug|Any CPU
		Release|Any CPU = Release|Any CPU
	EndGlobalSection
	GlobalSection(ProjectConfigurationPlatforms) = postSolution
		{4393F01C-F29D-4D33-931B-91A57501CF5D}.Debug|Any CPU.ActiveCfg = Debug|Any CPU
		{4393F01C-F29D-4D33-931B-91A57501CF5D}.Release|Any CPU.ActiveCfg = Release|Any CPU
	EndGlobalSection
	GlobalSection(SolutionProperties) = preSolution
		HideSolutionNode = FALSE
	EndGlobalSection
	GlobalSection(ExtensibilityGlobals) = postSolution
		SolutionGuid = {68A3D6F3-E63C-46F6-85BC-F45E497D18AB}
	EndGlobalSection
EndGlobal
